{
    "name": "@klsakura/rocketmq-native-sdk",
    "version": "2.0.0",
    "lockfileVersion": 2,
    "requires": true,
    "packages": {
        "": {
            "name": "@klsakura/rocketmq-native-sdk",
            "version": "2.0.0",
            "cpu": [
                "x64",
                "arm64"
            ],
            "license": "MIT",
            "os": [
                "darwin",
                "linux",
                "win32"
            ],
            "devDependencies": {
                "@types/node": "^18.0.0",
                "typescript": "^5.8.3"
            },
            "engines": {
                "node": ">=12.20.0"
            },
            "optionalDependencies": {
                "@klsakura/rocketmq-native-addon": "file:../addon"
            }
        },
        "../addon": {
            "version": "1.0.0",
            "hasInstallScript": true,
            "license": "MIT",
            "optional": true,
            "dependencies": {
                "nan": "^2.17.0"
            },
            "devDependencies": {
                "node-gyp": "^10.0.0"
            },
            "engines": {
                "node": ">=12.0.0"
            }
        },
        "node_modules/@klsakura/rocketmq-native-addon": {
            "resolved": "../addon",
            "link": true
        },
        "node_modules/@types/node": {
            "version": "18.19.104",
            "dev": true,
            "license": "MIT",
            "dependencies": {
                "undici-types": "~5.26.4"
            }
        },
        "node_modules/typescript": {
            "version": "5.8.3",
            "dev": true,
            "license": "Apache-2.0",
            "bin": {
                "tsc": "bin/tsc",
                "tsserver": "bin/tsserver"
            },
            "engines": {
                "node": ">=14.17"
            }
        },
        "node_modules/undici-types": {
            "version": "5.26.5",
            "dev": true,
            "license": "MIT"
        }
    },
    "dependencies": {
        "@klsakura/rocketmq-native-addon": {
            "version": "file:../addon",
            "requires": {
                "nan": "^2.17.0",
                "node-gyp": "^10.0.0"
            }
        },
        "@types/node": {
            "version": "18.19.104",
            "dev": true,
            "requires": {
                "undici-types": "~5.26.4"
            }
        },
        "typescript": {
            "version": "5.8.3",
            "dev": true
        },
        "undici-types": {
            "version": "5.26.5",
            "dev": true
        }
    }
}
